// !$*UTF8*$!
{
	archiveVersion = 1;
	classes = {
	};
	objectVersion = 52;
	objects = {

/* Begin PBXBuildFile section */
		55E0291F1435D1AC8635D3B5 /* Pods_The_Games__iOS_.framework in Frameworks */ = {isa = PBXBuildFile; fileRef = 220546176F5B8698EDA41F93 /* Pods_The_Games__iOS_.framework */; };
		6A760665274695060069825A /* GameRepository.swift in Sources */ = {isa = PBXBuildFile; fileRef = 6A760664274695060069825A /* GameRepository.swift */; };
		6A760667274695B00069825A /* GameRepository.swift in Sources */ = {isa = PBXBuildFile; fileRef = 6A760664274695060069825A /* GameRepository.swift */; };
		6A760669274695D60069825A /* RemoteDataSource.swift in Sources */ = {isa = PBXBuildFile; fileRef = 6A760668274695D60069825A /* RemoteDataSource.swift */; };
		6A76066E27469BCC0069825A /* HomeInteractor.swift in Sources */ = {isa = PBXBuildFile; fileRef = 6A76066D27469BCC0069825A /* HomeInteractor.swift */; };
		6A76067027469C360069825A /* DetailInteractor.swift in Sources */ = {isa = PBXBuildFile; fileRef = 6A76066F27469C360069825A /* DetailInteractor.swift */; };
		6A76067327469CC10069825A /* Injection.swift in Sources */ = {isa = PBXBuildFile; fileRef = 6A76067227469CC10069825A /* Injection.swift */; };
		6A760675274734F90069825A /* CardView.swift in Sources */ = {isa = PBXBuildFile; fileRef = 7A1631A326C56E1E00161134 /* CardView.swift */; };
		6A760679274735380069825A /* FavoriteScreen.swift in Sources */ = {isa = PBXBuildFile; fileRef = 7A0E7E6A26D258EB0025241E /* FavoriteScreen.swift */; };
		6A76067C274735FB0069825A /* HomeRouter.swift in Sources */ = {isa = PBXBuildFile; fileRef = 6A76067B274735FB0069825A /* HomeRouter.swift */; };
		7A0E7E6D26D258EB0025241E /* EditProfileScreen.swift in Sources */ = {isa = PBXBuildFile; fileRef = 7A0E7E6926D258EB0025241E /* EditProfileScreen.swift */; };
		7A0E7E6E26D258EB0025241E /* FavoriteScreen.swift in Sources */ = {isa = PBXBuildFile; fileRef = 7A0E7E6A26D258EB0025241E /* FavoriteScreen.swift */; };
		7A0E7E6F26D258EB0025241E /* TheGamesModel.xcdatamodeld in Sources */ = {isa = PBXBuildFile; fileRef = 7A0E7E6B26D258EB0025241E /* TheGamesModel.xcdatamodeld */; };
		7A0E7E7326D259540025241E /* Persistence.swift in Sources */ = {isa = PBXBuildFile; fileRef = 7A0E7E7226D259540025241E /* Persistence.swift */; };
		7A1631A426C56E1E00161134 /* CardView.swift in Sources */ = {isa = PBXBuildFile; fileRef = 7A1631A326C56E1E00161134 /* CardView.swift */; };
		7A3D954526C4B2B700EFB7AE /* Networking.swift in Sources */ = {isa = PBXBuildFile; fileRef = 7A3D954426C4B2B700EFB7AE /* Networking.swift */; };
		7A3D954626C4B2B700EFB7AE /* Networking.swift in Sources */ = {isa = PBXBuildFile; fileRef = 7A3D954426C4B2B700EFB7AE /* Networking.swift */; };
		7A7CAE7826C41DA90021A438 /* TheGamesApp.swift in Sources */ = {isa = PBXBuildFile; fileRef = 7A7CAE4F26C41DA70021A438 /* TheGamesApp.swift */; };
		7A7CAE7926C41DA90021A438 /* TheGamesApp.swift in Sources */ = {isa = PBXBuildFile; fileRef = 7A7CAE4F26C41DA70021A438 /* TheGamesApp.swift */; };
		7A7CAE7A26C41DA90021A438 /* ContentView.swift in Sources */ = {isa = PBXBuildFile; fileRef = 7A7CAE5026C41DA70021A438 /* ContentView.swift */; };
		7A7CAE7B26C41DA90021A438 /* ContentView.swift in Sources */ = {isa = PBXBuildFile; fileRef = 7A7CAE5026C41DA70021A438 /* ContentView.swift */; };
		7A7CAE7C26C41DA90021A438 /* Assets.xcassets in Resources */ = {isa = PBXBuildFile; fileRef = 7A7CAE5126C41DA90021A438 /* Assets.xcassets */; };
		7A7CAE7D26C41DA90021A438 /* Assets.xcassets in Resources */ = {isa = PBXBuildFile; fileRef = 7A7CAE5126C41DA90021A438 /* Assets.xcassets */; };
		7A7EFB3A26C7E9B9008F581C /* Extension.swift in Sources */ = {isa = PBXBuildFile; fileRef = 7A7EFB3926C7E9B9008F581C /* Extension.swift */; };
		7A7EFB3B26C7E9B9008F581C /* Extension.swift in Sources */ = {isa = PBXBuildFile; fileRef = 7A7EFB3926C7E9B9008F581C /* Extension.swift */; };
		7A7EFB4026C7ECDE008F581C /* Model.swift in Sources */ = {isa = PBXBuildFile; fileRef = 7A7EFB3F26C7ECDE008F581C /* Model.swift */; };
		7A7EFB4126C7ECDE008F581C /* Model.swift in Sources */ = {isa = PBXBuildFile; fileRef = 7A7EFB3F26C7ECDE008F581C /* Model.swift */; };
		7A7EFB4726C801D5008F581C /* HomeViewModel.swift in Sources */ = {isa = PBXBuildFile; fileRef = 7A7EFB4626C801D5008F581C /* HomeViewModel.swift */; };
		7A7EFB4826C801D5008F581C /* HomeViewModel.swift in Sources */ = {isa = PBXBuildFile; fileRef = 7A7EFB4626C801D5008F581C /* HomeViewModel.swift */; };
		7A7EFB5526C81423008F581C /* SwiftUIX in Frameworks */ = {isa = PBXBuildFile; productRef = 7A7EFB5426C81423008F581C /* SwiftUIX */; };
		7A88F5A026C96433007A46B6 /* ProfileScreen.swift in Sources */ = {isa = PBXBuildFile; fileRef = 7A88F59F26C96433007A46B6 /* ProfileScreen.swift */; };
		7A88F5A126C96433007A46B6 /* ProfileScreen.swift in Sources */ = {isa = PBXBuildFile; fileRef = 7A88F59F26C96433007A46B6 /* ProfileScreen.swift */; };
		7A88F5A326C96765007A46B6 /* DetailScreen.swift in Sources */ = {isa = PBXBuildFile; fileRef = 7A88F5A226C96765007A46B6 /* DetailScreen.swift */; };
		7A88F5A426C96765007A46B6 /* DetailScreen.swift in Sources */ = {isa = PBXBuildFile; fileRef = 7A88F5A226C96765007A46B6 /* DetailScreen.swift */; };
		7A88F5A626C96F7B007A46B6 /* DetailViewModel.swift in Sources */ = {isa = PBXBuildFile; fileRef = 7A88F5A526C96F7B007A46B6 /* DetailViewModel.swift */; };
		7A88F5A726C96F7B007A46B6 /* DetailViewModel.swift in Sources */ = {isa = PBXBuildFile; fileRef = 7A88F5A526C96F7B007A46B6 /* DetailViewModel.swift */; };
		7AD6814626CA971F007746B4 /* README.md in Resources */ = {isa = PBXBuildFile; fileRef = 7AD6814526CA971F007746B4 /* README.md */; };
		7AF80A5E26D3D17600ECABEF /* RequestAccess.swift in Sources */ = {isa = PBXBuildFile; fileRef = 7AF80A5D26D3D17600ECABEF /* RequestAccess.swift */; };
		7AF80A5F26D3D17600ECABEF /* RequestAccess.swift in Sources */ = {isa = PBXBuildFile; fileRef = 7AF80A5D26D3D17600ECABEF /* RequestAccess.swift */; };
		7AF80A6126D3D1CE00ECABEF /* ImagePicker.swift in Sources */ = {isa = PBXBuildFile; fileRef = 7AF80A6026D3D1CE00ECABEF /* ImagePicker.swift */; };
		7AF80A6226D3D1CE00ECABEF /* ImagePicker.swift in Sources */ = {isa = PBXBuildFile; fileRef = 7AF80A6026D3D1CE00ECABEF /* ImagePicker.swift */; };
		DF0F7870FE61CF5C86AD2E9C /* Pods_The_Games__macOS_.framework in Frameworks */ = {isa = PBXBuildFile; fileRef = 7BB0EEF6DB69DB983E45DE8C /* Pods_The_Games__macOS_.framework */; };
/* End PBXBuildFile section */

/* Begin PBXContainerItemProxy section */
		7A7CAE6726C41DA90021A438 /* PBXContainerItemProxy */ = {
			isa = PBXContainerItemProxy;
			containerPortal = 7A7CAE4A26C41DA70021A438 /* Project object */;
			proxyType = 1;
			remoteGlobalIDString = 7A7CAE5526C41DA90021A438;
			remoteInfo = "The Games (iOS)";
		};
		7A7CAE7226C41DA90021A438 /* PBXContainerItemProxy */ = {
			isa = PBXContainerItemProxy;
			containerPortal = 7A7CAE4A26C41DA70021A438 /* Project object */;
			proxyType = 1;
			remoteGlobalIDString = 7A7CAE5D26C41DA90021A438;
			remoteInfo = "The Games (macOS)";
		};
/* End PBXContainerItemProxy section */

/* Begin PBXFileReference section */
		051D30D4A367B2B19FFC4964 /* Pods-The Games (iOS).release.xcconfig */ = {isa = PBXFileReference; includeInIndex = 1; lastKnownFileType = text.xcconfig; name = "Pods-The Games (iOS).release.xcconfig"; path = "Target Support Files/Pods-The Games (iOS)/Pods-The Games (iOS).release.xcconfig"; sourceTree = "<group>"; };
		0FBE718AFF4D9771F189A6F2 /* Pods-The Games (macOS).debug.xcconfig */ = {isa = PBXFileReference; includeInIndex = 1; lastKnownFileType = text.xcconfig; name = "Pods-The Games (macOS).debug.xcconfig"; path = "Target Support Files/Pods-The Games (macOS)/Pods-The Games (macOS).debug.xcconfig"; sourceTree = "<group>"; };
		220546176F5B8698EDA41F93 /* Pods_The_Games__iOS_.framework */ = {isa = PBXFileReference; explicitFileType = wrapper.framework; includeInIndex = 0; path = Pods_The_Games__iOS_.framework; sourceTree = BUILT_PRODUCTS_DIR; };
		24E01772C0A55091EB788BAB /* Pods-The Games (macOS).release.xcconfig */ = {isa = PBXFileReference; includeInIndex = 1; lastKnownFileType = text.xcconfig; name = "Pods-The Games (macOS).release.xcconfig"; path = "Target Support Files/Pods-The Games (macOS)/Pods-The Games (macOS).release.xcconfig"; sourceTree = "<group>"; };
		6A760664274695060069825A /* GameRepository.swift */ = {isa = PBXFileReference; lastKnownFileType = sourcecode.swift; path = GameRepository.swift; sourceTree = "<group>"; };
		6A760668274695D60069825A /* RemoteDataSource.swift */ = {isa = PBXFileReference; lastKnownFileType = sourcecode.swift; path = RemoteDataSource.swift; sourceTree = "<group>"; };
		6A76066D27469BCC0069825A /* HomeInteractor.swift */ = {isa = PBXFileReference; lastKnownFileType = sourcecode.swift; path = HomeInteractor.swift; sourceTree = "<group>"; };
		6A76066F27469C360069825A /* DetailInteractor.swift */ = {isa = PBXFileReference; lastKnownFileType = sourcecode.swift; path = DetailInteractor.swift; sourceTree = "<group>"; };
		6A76067227469CC10069825A /* Injection.swift */ = {isa = PBXFileReference; lastKnownFileType = sourcecode.swift; path = Injection.swift; sourceTree = "<group>"; };
		6A76067B274735FB0069825A /* HomeRouter.swift */ = {isa = PBXFileReference; lastKnownFileType = sourcecode.swift; path = HomeRouter.swift; sourceTree = "<group>"; };
		75CB52DC5BB6CA695D273250 /* Pods-The Games (iOS).debug.xcconfig */ = {isa = PBXFileReference; includeInIndex = 1; lastKnownFileType = text.xcconfig; name = "Pods-The Games (iOS).debug.xcconfig"; path = "Target Support Files/Pods-The Games (iOS)/Pods-The Games (iOS).debug.xcconfig"; sourceTree = "<group>"; };
		7A0E7E6926D258EB0025241E /* EditProfileScreen.swift */ = {isa = PBXFileReference; fileEncoding = 4; lastKnownFileType = sourcecode.swift; path = EditProfileScreen.swift; sourceTree = "<group>"; };
		7A0E7E6A26D258EB0025241E /* FavoriteScreen.swift */ = {isa = PBXFileReference; fileEncoding = 4; lastKnownFileType = sourcecode.swift; path = FavoriteScreen.swift; sourceTree = "<group>"; };
		7A0E7E6C26D258EB0025241E /* TheGamesModel.xcdatamodel */ = {isa = PBXFileReference; lastKnownFileType = wrapper.xcdatamodel; path = TheGamesModel.xcdatamodel; sourceTree = "<group>"; };
		7A0E7E7226D259540025241E /* Persistence.swift */ = {isa = PBXFileReference; fileEncoding = 4; lastKnownFileType = sourcecode.swift; path = Persistence.swift; sourceTree = "<group>"; };
		7A1631A326C56E1E00161134 /* CardView.swift */ = {isa = PBXFileReference; lastKnownFileType = sourcecode.swift; path = CardView.swift; sourceTree = "<group>"; };
		7A3D954426C4B2B700EFB7AE /* Networking.swift */ = {isa = PBXFileReference; lastKnownFileType = sourcecode.swift; path = Networking.swift; sourceTree = "<group>"; };
		7A7CAE4F26C41DA70021A438 /* TheGamesApp.swift */ = {isa = PBXFileReference; lastKnownFileType = sourcecode.swift; path = TheGamesApp.swift; sourceTree = "<group>"; };
		7A7CAE5026C41DA70021A438 /* ContentView.swift */ = {isa = PBXFileReference; lastKnownFileType = sourcecode.swift; path = ContentView.swift; sourceTree = "<group>"; };
		7A7CAE5126C41DA90021A438 /* Assets.xcassets */ = {isa = PBXFileReference; lastKnownFileType = folder.assetcatalog; path = Assets.xcassets; sourceTree = "<group>"; };
		7A7CAE5626C41DA90021A438 /* The Games.app */ = {isa = PBXFileReference; explicitFileType = wrapper.application; includeInIndex = 0; path = "The Games.app"; sourceTree = BUILT_PRODUCTS_DIR; };
		7A7CAE5926C41DA90021A438 /* Info.plist */ = {isa = PBXFileReference; lastKnownFileType = text.plist.xml; path = Info.plist; sourceTree = "<group>"; };
		7A7CAE5E26C41DA90021A438 /* The Games.app */ = {isa = PBXFileReference; explicitFileType = wrapper.application; includeInIndex = 0; path = "The Games.app"; sourceTree = BUILT_PRODUCTS_DIR; };
		7A7CAE6026C41DA90021A438 /* Info.plist */ = {isa = PBXFileReference; lastKnownFileType = text.plist.xml; path = Info.plist; sourceTree = "<group>"; };
		7A7CAE6126C41DA90021A438 /* macOS.entitlements */ = {isa = PBXFileReference; lastKnownFileType = text.plist.entitlements; path = macOS.entitlements; sourceTree = "<group>"; };
		7A7CAE6626C41DA90021A438 /* Tests iOS.xctest */ = {isa = PBXFileReference; explicitFileType = wrapper.cfbundle; includeInIndex = 0; path = "Tests iOS.xctest"; sourceTree = BUILT_PRODUCTS_DIR; };
		7A7CAE7126C41DA90021A438 /* Tests macOS.xctest */ = {isa = PBXFileReference; explicitFileType = wrapper.cfbundle; includeInIndex = 0; path = "Tests macOS.xctest"; sourceTree = BUILT_PRODUCTS_DIR; };
		7A7EFB3926C7E9B9008F581C /* Extension.swift */ = {isa = PBXFileReference; lastKnownFileType = sourcecode.swift; path = Extension.swift; sourceTree = "<group>"; };
		7A7EFB3F26C7ECDE008F581C /* Model.swift */ = {isa = PBXFileReference; lastKnownFileType = sourcecode.swift; path = Model.swift; sourceTree = "<group>"; };
		7A7EFB4626C801D5008F581C /* HomeViewModel.swift */ = {isa = PBXFileReference; fileEncoding = 4; lastKnownFileType = sourcecode.swift; path = HomeViewModel.swift; sourceTree = "<group>"; };
		7A88F59F26C96433007A46B6 /* ProfileScreen.swift */ = {isa = PBXFileReference; lastKnownFileType = sourcecode.swift; path = ProfileScreen.swift; sourceTree = "<group>"; };
		7A88F5A226C96765007A46B6 /* DetailScreen.swift */ = {isa = PBXFileReference; lastKnownFileType = sourcecode.swift; path = DetailScreen.swift; sourceTree = "<group>"; };
		7A88F5A526C96F7B007A46B6 /* DetailViewModel.swift */ = {isa = PBXFileReference; lastKnownFileType = sourcecode.swift; path = DetailViewModel.swift; sourceTree = "<group>"; };
		7AD6814526CA971F007746B4 /* README.md */ = {isa = PBXFileReference; fileEncoding = 4; lastKnownFileType = net.daringfireball.markdown; path = README.md; sourceTree = "<group>"; };
		7AF80A5D26D3D17600ECABEF /* RequestAccess.swift */ = {isa = PBXFileReference; fileEncoding = 4; lastKnownFileType = sourcecode.swift; path = RequestAccess.swift; sourceTree = "<group>"; };
		7AF80A6026D3D1CE00ECABEF /* ImagePicker.swift */ = {isa = PBXFileReference; fileEncoding = 4; lastKnownFileType = sourcecode.swift; path = ImagePicker.swift; sourceTree = "<group>"; };
		7BB0EEF6DB69DB983E45DE8C /* Pods_The_Games__macOS_.framework */ = {isa = PBXFileReference; explicitFileType = wrapper.framework; includeInIndex = 0; path = Pods_The_Games__macOS_.framework; sourceTree = BUILT_PRODUCTS_DIR; };
/* End PBXFileReference section */

/* Begin PBXFrameworksBuildPhase section */
		7A7CAE5326C41DA90021A438 /* Frameworks */ = {
			isa = PBXFrameworksBuildPhase;
			buildActionMask = 2147483647;
			files = (
				55E0291F1435D1AC8635D3B5 /* Pods_The_Games__iOS_.framework in Frameworks */,
				7A7EFB5526C81423008F581C /* SwiftUIX in Frameworks */,
			);
			runOnlyForDeploymentPostprocessing = 0;
		};
		7A7CAE5B26C41DA90021A438 /* Frameworks */ = {
			isa = PBXFrameworksBuildPhase;
			buildActionMask = 2147483647;
			files = (
				DF0F7870FE61CF5C86AD2E9C /* Pods_The_Games__macOS_.framework in Frameworks */,
			);
			runOnlyForDeploymentPostprocessing = 0;
		};
		7A7CAE6326C41DA90021A438 /* Frameworks */ = {
			isa = PBXFrameworksBuildPhase;
			buildActionMask = 2147483647;
			files = (
			);
			runOnlyForDeploymentPostprocessing = 0;
		};
		7A7CAE6E26C41DA90021A438 /* Frameworks */ = {
			isa = PBXFrameworksBuildPhase;
			buildActionMask = 2147483647;
			files = (
			);
			runOnlyForDeploymentPostprocessing = 0;
		};
/* End PBXFrameworksBuildPhase section */

/* Begin PBXGroup section */
		3FBD99C8782174AA7275956B /* Frameworks */ = {
			isa = PBXGroup;
			children = (
				220546176F5B8698EDA41F93 /* Pods_The_Games__iOS_.framework */,
				7BB0EEF6DB69DB983E45DE8C /* Pods_The_Games__macOS_.framework */,
			);
			name = Frameworks;
			sourceTree = "<group>";
		};
		5E4B28194FADB9B62DC2793B /* Pods */ = {
			isa = PBXGroup;
			children = (
				75CB52DC5BB6CA695D273250 /* Pods-The Games (iOS).debug.xcconfig */,
				051D30D4A367B2B19FFC4964 /* Pods-The Games (iOS).release.xcconfig */,
				0FBE718AFF4D9771F189A6F2 /* Pods-The Games (macOS).debug.xcconfig */,
				24E01772C0A55091EB788BAB /* Pods-The Games (macOS).release.xcconfig */,
			);
			path = Pods;
			sourceTree = "<group>";
		};
		6A760663274694F20069825A /* Remote */ = {
			isa = PBXGroup;
			children = (
				6A760668274695D60069825A /* RemoteDataSource.swift */,
			);
			path = Remote;
			sourceTree = "<group>";
		};
		6A76066A274699D10069825A /* Data */ = {
			isa = PBXGroup;
			children = (
				6A760663274694F20069825A /* Remote */,
				6A760664274695060069825A /* GameRepository.swift */,
			);
			path = Data;
			sourceTree = "<group>";
		};
		6A76066B27469B850069825A /* Model */ = {
			isa = PBXGroup;
			children = (
				7A7EFB3F26C7ECDE008F581C /* Model.swift */,
			);
			path = Model;
			sourceTree = "<group>";
		};
		6A76066C27469B9B0069825A /* Use Case */ = {
			isa = PBXGroup;
			children = (
				6A76066D27469BCC0069825A /* HomeInteractor.swift */,
				6A76066F27469C360069825A /* DetailInteractor.swift */,
			);
			path = "Use Case";
			sourceTree = "<group>";
		};
		6A76067127469CB00069825A /* DI */ = {
			isa = PBXGroup;
			children = (
				6A76067227469CC10069825A /* Injection.swift */,
			);
			path = DI;
			sourceTree = "<group>";
		};
		6A760674274734ED0069825A /* Home */ = {
			isa = PBXGroup;
			children = (
				7A7CAE5026C41DA70021A438 /* ContentView.swift */,
				7A0E7E6A26D258EB0025241E /* FavoriteScreen.swift */,
				7A1631A326C56E1E00161134 /* CardView.swift */,
			);
			path = Home;
			sourceTree = "<group>";
		};
		6A7606772747350F0069825A /* Detail */ = {
			isa = PBXGroup;
			children = (
				7A88F5A226C96765007A46B6 /* DetailScreen.swift */,
			);
			path = Detail;
			sourceTree = "<group>";
		};
		6A7606782747351D0069825A /* Profile */ = {
			isa = PBXGroup;
			children = (
				7A88F59F26C96433007A46B6 /* ProfileScreen.swift */,
				7A0E7E6926D258EB0025241E /* EditProfileScreen.swift */,
			);
			path = Profile;
			sourceTree = "<group>";
		};
		6A76067A274735E00069825A /* Router */ = {
			isa = PBXGroup;
			children = (
				6A76067B274735FB0069825A /* HomeRouter.swift */,
			);
			path = Router;
			sourceTree = "<group>";
		};
		6AEE75C02745372500870CE2 /* App */ = {
			isa = PBXGroup;
			children = (
				7A7CAE4F26C41DA70021A438 /* TheGamesApp.swift */,
			);
			path = App;
			sourceTree = "<group>";
		};
		7A7CAE4926C41DA70021A438 = {
			isa = PBXGroup;
			children = (
				7AD6814526CA971F007746B4 /* README.md */,
				7A7CAE4E26C41DA70021A438 /* Shared */,
				7A7CAE5826C41DA90021A438 /* iOS */,
				7A7CAE5F26C41DA90021A438 /* macOS */,
				7A7CAE5726C41DA90021A438 /* Products */,
				5E4B28194FADB9B62DC2793B /* Pods */,
				3FBD99C8782174AA7275956B /* Frameworks */,
			);
			sourceTree = "<group>";
		};
		7A7CAE4E26C41DA70021A438 /* Shared */ = {
			isa = PBXGroup;
			children = (
				6AEE75C02745372500870CE2 /* App */,
				7A7EFB4426C80116008F581C /* Core */,
				7A7EFB4526C8012E008F581C /* Presenter */,
				6A76067A274735E00069825A /* Router */,
				7A7EFB4326C8010E008F581C /* View */,
				7A7CAE5126C41DA90021A438 /* Assets.xcassets */,
				7A0E7E6B26D258EB0025241E /* TheGamesModel.xcdatamodeld */,
			);
			path = Shared;
			sourceTree = "<group>";
		};
		7A7CAE5726C41DA90021A438 /* Products */ = {
			isa = PBXGroup;
			children = (
				7A7CAE5626C41DA90021A438 /* The Games.app */,
				7A7CAE5E26C41DA90021A438 /* The Games.app */,
				7A7CAE6626C41DA90021A438 /* Tests iOS.xctest */,
				7A7CAE7126C41DA90021A438 /* Tests macOS.xctest */,
			);
			name = Products;
			sourceTree = "<group>";
		};
		7A7CAE5826C41DA90021A438 /* iOS */ = {
			isa = PBXGroup;
			children = (
				7A7CAE5926C41DA90021A438 /* Info.plist */,
			);
			path = iOS;
			sourceTree = "<group>";
		};
		7A7CAE5F26C41DA90021A438 /* macOS */ = {
			isa = PBXGroup;
			children = (
				7A7CAE6026C41DA90021A438 /* Info.plist */,
				7A7CAE6126C41DA90021A438 /* macOS.entitlements */,
			);
			path = macOS;
			sourceTree = "<group>";
		};
		7A7EFB4226C800FC008F581C /* Domain */ = {
			isa = PBXGroup;
			children = (
				6A76066B27469B850069825A /* Model */,
				6A76066C27469B9B0069825A /* Use Case */,
			);
			path = Domain;
			sourceTree = "<group>";
		};
		7A7EFB4326C8010E008F581C /* View */ = {
			isa = PBXGroup;
			children = (
				6A760674274734ED0069825A /* Home */,
				6A7606772747350F0069825A /* Detail */,
				6A7606782747351D0069825A /* Profile */,
				7AF80A6026D3D1CE00ECABEF /* ImagePicker.swift */,
			);
			path = View;
			sourceTree = "<group>";
		};
		7A7EFB4426C80116008F581C /* Core */ = {
			isa = PBXGroup;
			children = (
				7A0E7E7226D259540025241E /* Persistence.swift */,
				7A7EFB3926C7E9B9008F581C /* Extension.swift */,
				7A3D954426C4B2B700EFB7AE /* Networking.swift */,
				7AF80A5D26D3D17600ECABEF /* RequestAccess.swift */,
				7A7EFB4226C800FC008F581C /* Domain */,
				6A76067127469CB00069825A /* DI */,
				6A76066A274699D10069825A /* Data */,
			);
			path = Core;
			sourceTree = "<group>";
		};
		7A7EFB4526C8012E008F581C /* Presenter */ = {
			isa = PBXGroup;
			children = (
				7A7EFB4626C801D5008F581C /* HomeViewModel.swift */,
				7A88F5A526C96F7B007A46B6 /* DetailViewModel.swift */,
			);
			path = Presenter;
			sourceTree = "<group>";
		};
/* End PBXGroup section */

/* Begin PBXNativeTarget section */
		7A7CAE5526C41DA90021A438 /* The Games (iOS) */ = {
			isa = PBXNativeTarget;
			buildConfigurationList = 7A7CAE8026C41DA90021A438 /* Build configuration list for PBXNativeTarget "The Games (iOS)" */;
			buildPhases = (
				B94D0C1F9759B45059CA5E38 /* [CP] Check Pods Manifest.lock */,
				7A0713F526C41F7C006D097A /* SwiftLint */,
				7A7CAE5226C41DA90021A438 /* Sources */,
				7A7CAE5326C41DA90021A438 /* Frameworks */,
				7A7CAE5426C41DA90021A438 /* Resources */,
				9B802207DA064A2B4E0D709D /* [CP] Embed Pods Frameworks */,
			);
			buildRules = (
			);
			dependencies = (
			);
			name = "The Games (iOS)";
			packageProductDependencies = (
				7A7EFB5426C81423008F581C /* SwiftUIX */,
			);
			productName = "The Games (iOS)";
			productReference = 7A7CAE5626C41DA90021A438 /* The Games.app */;
			productType = "com.apple.product-type.application";
		};
		7A7CAE5D26C41DA90021A438 /* The Games (macOS) */ = {
			isa = PBXNativeTarget;
			buildConfigurationList = 7A7CAE8326C41DA90021A438 /* Build configuration list for PBXNativeTarget "The Games (macOS)" */;
			buildPhases = (
				5F9D3BBE41D75DE5B8CA86B3 /* [CP] Check Pods Manifest.lock */,
				7A0713F626C420B8006D097A /* SwiftLint */,
				7A7CAE5A26C41DA90021A438 /* Sources */,
				7A7CAE5B26C41DA90021A438 /* Frameworks */,
				7A7CAE5C26C41DA90021A438 /* Resources */,
				A7EBFE6710300B05987F6301 /* [CP] Embed Pods Frameworks */,
			);
			buildRules = (
			);
			dependencies = (
			);
			name = "The Games (macOS)";
			productName = "The Games (macOS)";
			productReference = 7A7CAE5E26C41DA90021A438 /* The Games.app */;
			productType = "com.apple.product-type.application";
		};
		7A7CAE6526C41DA90021A438 /* Tests iOS */ = {
			isa = PBXNativeTarget;
			buildConfigurationList = 7A7CAE8626C41DA90021A438 /* Build configuration list for PBXNativeTarget "Tests iOS" */;
			buildPhases = (
				7A7CAE6226C41DA90021A438 /* Sources */,
				7A7CAE6326C41DA90021A438 /* Frameworks */,
				7A7CAE6426C41DA90021A438 /* Resources */,
			);
			buildRules = (
			);
			dependencies = (
				7A7CAE6826C41DA90021A438 /* PBXTargetDependency */,
			);
			name = "Tests iOS";
			productName = "Tests iOS";
			productReference = 7A7CAE6626C41DA90021A438 /* Tests iOS.xctest */;
			productType = "com.apple.product-type.bundle.ui-testing";
		};
		7A7CAE7026C41DA90021A438 /* Tests macOS */ = {
			isa = PBXNativeTarget;
			buildConfigurationList = 7A7CAE8926C41DA90021A438 /* Build configuration list for PBXNativeTarget "Tests macOS" */;
			buildPhases = (
				7A7CAE6D26C41DA90021A438 /* Sources */,
				7A7CAE6E26C41DA90021A438 /* Frameworks */,
				7A7CAE6F26C41DA90021A438 /* Resources */,
			);
			buildRules = (
			);
			dependencies = (
				7A7CAE7326C41DA90021A438 /* PBXTargetDependency */,
			);
			name = "Tests macOS";
			productName = "Tests macOS";
			productReference = 7A7CAE7126C41DA90021A438 /* Tests macOS.xctest */;
			productType = "com.apple.product-type.bundle.ui-testing";
		};
/* End PBXNativeTarget section */

/* Begin PBXProject section */
		7A7CAE4A26C41DA70021A438 /* Project object */ = {
			isa = PBXProject;
			attributes = {
				LastSwiftUpdateCheck = 1250;
				LastUpgradeCheck = 1250;
				TargetAttributes = {
					7A7CAE5526C41DA90021A438 = {
						CreatedOnToolsVersion = 12.5.1;
					};
					7A7CAE5D26C41DA90021A438 = {
						CreatedOnToolsVersion = 12.5.1;
					};
					7A7CAE6526C41DA90021A438 = {
						CreatedOnToolsVersion = 12.5.1;
						TestTargetID = 7A7CAE5526C41DA90021A438;
					};
					7A7CAE7026C41DA90021A438 = {
						CreatedOnToolsVersion = 12.5.1;
						TestTargetID = 7A7CAE5D26C41DA90021A438;
					};
				};
			};
			buildConfigurationList = 7A7CAE4D26C41DA70021A438 /* Build configuration list for PBXProject "The Games" */;
			compatibilityVersion = "Xcode 9.3";
			developmentRegion = en;
			hasScannedForEncodings = 0;
			knownRegions = (
				en,
				Base,
			);
			mainGroup = 7A7CAE4926C41DA70021A438;
			packageReferences = (
				7A7EFB5326C81423008F581C /* XCRemoteSwiftPackageReference "SwiftUIX" */,
			);
			productRefGroup = 7A7CAE5726C41DA90021A438 /* Products */;
			projectDirPath = "";
			projectRoot = "";
			targets = (
				7A7CAE5526C41DA90021A438 /* The Games (iOS) */,
				7A7CAE5D26C41DA90021A438 /* The Games (macOS) */,
				7A7CAE6526C41DA90021A438 /* Tests iOS */,
				7A7CAE7026C41DA90021A438 /* Tests macOS */,
			);
		};
/* End PBXProject section */

/* Begin PBXResourcesBuildPhase section */
		7A7CAE5426C41DA90021A438 /* Resources */ = {
			isa = PBXResourcesBuildPhase;
			buildActionMask = 2147483647;
			files = (
				7AD6814626CA971F007746B4 /* README.md in Resources */,
				7A7CAE7C26C41DA90021A438 /* Assets.xcassets in Resources */,
			);
			runOnlyForDeploymentPostprocessing = 0;
		};
		7A7CAE5C26C41DA90021A438 /* Resources */ = {
			isa = PBXResourcesBuildPhase;
			buildActionMask = 2147483647;
			files = (
				7A7CAE7D26C41DA90021A438 /* Assets.xcassets in Resources */,
			);
			runOnlyForDeploymentPostprocessing = 0;
		};
		7A7CAE6426C41DA90021A438 /* Resources */ = {
			isa = PBXResourcesBuildPhase;
			buildActionMask = 2147483647;
			files = (
			);
			runOnlyForDeploymentPostprocessing = 0;
		};
		7A7CAE6F26C41DA90021A438 /* Resources */ = {
			isa = PBXResourcesBuildPhase;
			buildActionMask = 2147483647;
			files = (
			);
			runOnlyForDeploymentPostprocessing = 0;
		};
/* End PBXResourcesBuildPhase section */

/* Begin PBXShellScriptBuildPhase section */
		5F9D3BBE41D75DE5B8CA86B3 /* [CP] Check Pods Manifest.lock */ = {
			isa = PBXShellScriptBuildPhase;
			buildActionMask = 2147483647;
			files = (
			);
			inputFileListPaths = (
			);
			inputPaths = (
				"${PODS_PODFILE_DIR_PATH}/Podfile.lock",
				"${PODS_ROOT}/Manifest.lock",
			);
			name = "[CP] Check Pods Manifest.lock";
			outputFileListPaths = (
			);
			outputPaths = (
				"$(DERIVED_FILE_DIR)/Pods-The Games (macOS)-checkManifestLockResult.txt",
			);
			runOnlyForDeploymentPostprocessing = 0;
			shellPath = /bin/sh;
			shellScript = "diff \"${PODS_PODFILE_DIR_PATH}/Podfile.lock\" \"${PODS_ROOT}/Manifest.lock\" > /dev/null\nif [ $? != 0 ] ; then\n    # print error to STDERR\n    echo \"error: The sandbox is not in sync with the Podfile.lock. Run 'pod install' or update your CocoaPods installation.\" >&2\n    exit 1\nfi\n# This output is used by Xcode 'outputs' to avoid re-running this script phase.\necho \"SUCCESS\" > \"${SCRIPT_OUTPUT_FILE_0}\"\n";
			showEnvVarsInLog = 0;
		};
		7A0713F526C41F7C006D097A /* SwiftLint */ = {
			isa = PBXShellScriptBuildPhase;
			buildActionMask = 2147483647;
			files = (
			);
			inputFileListPaths = (
			);
			inputPaths = (
			);
			name = SwiftLint;
			outputFileListPaths = (
			);
			outputPaths = (
			);
			runOnlyForDeploymentPostprocessing = 0;
			shellPath = /bin/sh;
			shellScript = "# Type a script or drag a script file from your workspace to insert its path.\n\"${PODS_ROOT}/SwiftLint/swiftlint\"\n\nif which swiftlint >/dev/null; then\n  swiftlint\nelse\n  echo \"warning: SwiftLint not installed, download from https://github.com/realm/SwiftLint\"\nfi\n";
		};
		7A0713F626C420B8006D097A /* SwiftLint */ = {
			isa = PBXShellScriptBuildPhase;
			buildActionMask = 2147483647;
			files = (
			);
			inputFileListPaths = (
			);
			inputPaths = (
			);
			name = SwiftLint;
			outputFileListPaths = (
			);
			outputPaths = (
			);
			runOnlyForDeploymentPostprocessing = 0;
			shellPath = /bin/sh;
			shellScript = "# Type a script or drag a script file from your workspace to insert its path.\n#\"${PODS_ROOT}/SwiftLint/swiftlint\"\n\n#if which swiftlint >/dev/null; then\n#  swiftlint\n#else\n#  echo \"warning: SwiftLint not installed, download from https://github.com/realm/SwiftLint\"\n#fi\n";
		};
		9B802207DA064A2B4E0D709D /* [CP] Embed Pods Frameworks */ = {
			isa = PBXShellScriptBuildPhase;
			buildActionMask = 2147483647;
			files = (
			);
			inputFileListPaths = (
				"${PODS_ROOT}/Target Support Files/Pods-The Games (iOS)/Pods-The Games (iOS)-frameworks-${CONFIGURATION}-input-files.xcfilelist",
			);
			name = "[CP] Embed Pods Frameworks";
			outputFileListPaths = (
				"${PODS_ROOT}/Target Support Files/Pods-The Games (iOS)/Pods-The Games (iOS)-frameworks-${CONFIGURATION}-output-files.xcfilelist",
			);
			runOnlyForDeploymentPostprocessing = 0;
			shellPath = /bin/sh;
			shellScript = "\"${PODS_ROOT}/Target Support Files/Pods-The Games (iOS)/Pods-The Games (iOS)-frameworks.sh\"\n";
			showEnvVarsInLog = 0;
		};
		A7EBFE6710300B05987F6301 /* [CP] Embed Pods Frameworks */ = {
			isa = PBXShellScriptBuildPhase;
			buildActionMask = 2147483647;
			files = (
			);
			inputFileListPaths = (
				"${PODS_ROOT}/Target Support Files/Pods-The Games (macOS)/Pods-The Games (macOS)-frameworks-${CONFIGURATION}-input-files.xcfilelist",
			);
			name = "[CP] Embed Pods Frameworks";
			outputFileListPaths = (
				"${PODS_ROOT}/Target Support Files/Pods-The Games (macOS)/Pods-The Games (macOS)-frameworks-${CONFIGURATION}-output-files.xcfilelist",
			);
			runOnlyForDeploymentPostprocessing = 0;
			shellPath = /bin/sh;
			shellScript = "\"${PODS_ROOT}/Target Support Files/Pods-The Games (macOS)/Pods-The Games (macOS)-frameworks.sh\"\n";
			showEnvVarsInLog = 0;
		};
		B94D0C1F9759B45059CA5E38 /* [CP] Check Pods Manifest.lock */ = {
			isa = PBXShellScriptBuildPhase;
			buildActionMask = 2147483647;
			files = (
			);
			inputFileListPaths = (
			);
			inputPaths = (
				"${PODS_PODFILE_DIR_PATH}/Podfile.lock",
				"${PODS_ROOT}/Manifest.lock",
			);
			name = "[CP] Check Pods Manifest.lock";
			outputFileListPaths = (
			);
			outputPaths = (
				"$(DERIVED_FILE_DIR)/Pods-The Games (iOS)-checkManifestLockResult.txt",
			);
			runOnlyForDeploymentPostprocessing = 0;
			shellPath = /bin/sh;
			shellScript = "diff \"${PODS_PODFILE_DIR_PATH}/Podfile.lock\" \"${PODS_ROOT}/Manifest.lock\" > /dev/null\nif [ $? != 0 ] ; then\n    # print error to STDERR\n    echo \"error: The sandbox is not in sync with the Podfile.lock. Run 'pod install' or update your CocoaPods installation.\" >&2\n    exit 1\nfi\n# This output is used by Xcode 'outputs' to avoid re-running this script phase.\necho \"SUCCESS\" > \"${SCRIPT_OUTPUT_FILE_0}\"\n";
			showEnvVarsInLog = 0;
		};
/* End PBXShellScriptBuildPhase section */

/* Begin PBXSourcesBuildPhase section */
		7A7CAE5226C41DA90021A438 /* Sources */ = {
			isa = PBXSourcesBuildPhase;
			buildActionMask = 2147483647;
			files = (
				6A76067327469CC10069825A /* Injection.swift in Sources */,
				7A7EFB4026C7ECDE008F581C /* Model.swift in Sources */,
				6A76066E27469BCC0069825A /* HomeInteractor.swift in Sources */,
				7A3D954526C4B2B700EFB7AE /* Networking.swift in Sources */,
				7A0E7E6D26D258EB0025241E /* EditProfileScreen.swift in Sources */,
				7A0E7E6E26D258EB0025241E /* FavoriteScreen.swift in Sources */,
				6A760669274695D60069825A /* RemoteDataSource.swift in Sources */,
				7A7EFB4726C801D5008F581C /* HomeViewModel.swift in Sources */,
				7A88F5A626C96F7B007A46B6 /* DetailViewModel.swift in Sources */,
				7A0E7E6F26D258EB0025241E /* TheGamesModel.xcdatamodeld in Sources */,
				7A7EFB3A26C7E9B9008F581C /* Extension.swift in Sources */,
				6A760665274695060069825A /* GameRepository.swift in Sources */,
				6A76067027469C360069825A /* DetailInteractor.swift in Sources */,
				7A0E7E7326D259540025241E /* Persistence.swift in Sources */,
				7A7CAE7A26C41DA90021A438 /* ContentView.swift in Sources */,
				7A1631A426C56E1E00161134 /* CardView.swift in Sources */,
				7A7CAE7826C41DA90021A438 /* TheGamesApp.swift in Sources */,
				7AF80A5E26D3D17600ECABEF /* RequestAccess.swift in Sources */,
				7AF80A6126D3D1CE00ECABEF /* ImagePicker.swift in Sources */,
				7A88F5A026C96433007A46B6 /* ProfileScreen.swift in Sources */,
				7A88F5A326C96765007A46B6 /* DetailScreen.swift in Sources */,
				6A76067C274735FB0069825A /* HomeRouter.swift in Sources */,
			);
			runOnlyForDeploymentPostprocessing = 0;
		};
		7A7CAE5A26C41DA90021A438 /* Sources */ = {
			isa = PBXSourcesBuildPhase;
			buildActionMask = 2147483647;
			files = (
				7A88F5A426C96765007A46B6 /* DetailScreen.swift in Sources */,
				7A3D954626C4B2B700EFB7AE /* Networking.swift in Sources */,
				7A88F5A126C96433007A46B6 /* ProfileScreen.swift in Sources */,
				7A7EFB4826C801D5008F581C /* HomeViewModel.swift in Sources */,
				7A88F5A726C96F7B007A46B6 /* DetailViewModel.swift in Sources */,
				7A7CAE7B26C41DA90021A438 /* ContentView.swift in Sources */,
				7A7EFB3B26C7E9B9008F581C /* Extension.swift in Sources */,
				6A760675274734F90069825A /* CardView.swift in Sources */,
				7AF80A6226D3D1CE00ECABEF /* ImagePicker.swift in Sources */,
				7AF80A5F26D3D17600ECABEF /* RequestAccess.swift in Sources */,
				6A760667274695B00069825A /* GameRepository.swift in Sources */,
				6A760679274735380069825A /* FavoriteScreen.swift in Sources */,
				7A7EFB4126C7ECDE008F581C /* Model.swift in Sources */,
				7A7CAE7926C41DA90021A438 /* TheGamesApp.swift in Sources */,
			);
			runOnlyForDeploymentPostprocessing = 0;
		};
		7A7CAE6226C41DA90021A438 /* Sources */ = {
			isa = PBXSourcesBuildPhase;
			buildActionMask = 2147483647;
			files = (
			);
			runOnlyForDeploymentPostprocessing = 0;
		};
		7A7CAE6D26C41DA90021A438 /* Sources */ = {
			isa = PBXSourcesBuildPhase;
			buildActionMask = 2147483647;
			files = (
			);
			runOnlyForDeploymentPostprocessing = 0;
		};
/* End PBXSourcesBuildPhase section */

/* Begin PBXTargetDependency section */
		7A7CAE6826C41DA90021A438 /* PBXTargetDependency */ = {
			isa = PBXTargetDependency;
			target = 7A7CAE5526C41DA90021A438 /* The Games (iOS) */;
			targetProxy = 7A7CAE6726C41DA90021A438 /* PBXContainerItemProxy */;
		};
		7A7CAE7326C41DA90021A438 /* PBXTargetDependency */ = {
			isa = PBXTargetDependency;
			target = 7A7CAE5D26C41DA90021A438 /* The Games (macOS) */;
			targetProxy = 7A7CAE7226C41DA90021A438 /* PBXContainerItemProxy */;
		};
/* End PBXTargetDependency section */

/* Begin XCBuildConfiguration section */
		7A7CAE7E26C41DA90021A438 /* Debug */ = {
			isa = XCBuildConfiguration;
			buildSettings = {
				ALWAYS_SEARCH_USER_PATHS = NO;
				CLANG_ANALYZER_NONNULL = YES;
				CLANG_ANALYZER_NUMBER_OBJECT_CONVERSION = YES_AGGRESSIVE;
				CLANG_CXX_LANGUAGE_STANDARD = "gnu++14";
				CLANG_CXX_LIBRARY = "libc++";
				CLANG_ENABLE_MODULES = YES;
				CLANG_ENABLE_OBJC_ARC = YES;
				CLANG_ENABLE_OBJC_WEAK = YES;
				CLANG_WARN_BLOCK_CAPTURE_AUTORELEASING = YES;
				CLANG_WARN_BOOL_CONVERSION = YES;
				CLANG_WARN_COMMA = YES;
				CLANG_WARN_CONSTANT_CONVERSION = YES;
				CLANG_WARN_DEPRECATED_OBJC_IMPLEMENTATIONS = YES;
				CLANG_WARN_DIRECT_OBJC_ISA_USAGE = YES_ERROR;
				CLANG_WARN_DOCUMENTATION_COMMENTS = YES;
				CLANG_WARN_EMPTY_BODY = YES;
				CLANG_WARN_ENUM_CONVERSION = YES;
				CLANG_WARN_INFINITE_RECURSION = YES;
				CLANG_WARN_INT_CONVERSION = YES;
				CLANG_WARN_NON_LITERAL_NULL_CONVERSION = YES;
				CLANG_WARN_OBJC_IMPLICIT_RETAIN_SELF = YES;
				CLANG_WARN_OBJC_LITERAL_CONVERSION = YES;
				CLANG_WARN_OBJC_ROOT_CLASS = YES_ERROR;
				CLANG_WARN_QUOTED_INCLUDE_IN_FRAMEWORK_HEADER = YES;
				CLANG_WARN_RANGE_LOOP_ANALYSIS = YES;
				CLANG_WARN_STRICT_PROTOTYPES = YES;
				CLANG_WARN_SUSPICIOUS_MOVE = YES;
				CLANG_WARN_UNGUARDED_AVAILABILITY = YES_AGGRESSIVE;
				CLANG_WARN_UNREACHABLE_CODE = YES;
				CLANG_WARN__DUPLICATE_METHOD_MATCH = YES;
				COPY_PHASE_STRIP = NO;
				DEBUG_INFORMATION_FORMAT = dwarf;
				ENABLE_STRICT_OBJC_MSGSEND = YES;
				ENABLE_TESTABILITY = YES;
				GCC_C_LANGUAGE_STANDARD = gnu11;
				GCC_DYNAMIC_NO_PIC = NO;
				GCC_NO_COMMON_BLOCKS = YES;
				GCC_OPTIMIZATION_LEVEL = 0;
				GCC_PREPROCESSOR_DEFINITIONS = (
					"DEBUG=1",
					"$(inherited)",
				);
				GCC_WARN_64_TO_32_BIT_CONVERSION = YES;
				GCC_WARN_ABOUT_RETURN_TYPE = YES_ERROR;
				GCC_WARN_UNDECLARED_SELECTOR = YES;
				GCC_WARN_UNINITIALIZED_AUTOS = YES_AGGRESSIVE;
				GCC_WARN_UNUSED_FUNCTION = YES;
				GCC_WARN_UNUSED_VARIABLE = YES;
				MTL_ENABLE_DEBUG_INFO = INCLUDE_SOURCE;
				MTL_FAST_MATH = YES;
				ONLY_ACTIVE_ARCH = YES;
				SWIFT_ACTIVE_COMPILATION_CONDITIONS = DEBUG;
				SWIFT_OPTIMIZATION_LEVEL = "-Onone";
			};
			name = Debug;
		};
		7A7CAE7F26C41DA90021A438 /* Release */ = {
			isa = XCBuildConfiguration;
			buildSettings = {
				ALWAYS_SEARCH_USER_PATHS = NO;
				CLANG_ANALYZER_NONNULL = YES;
				CLANG_ANALYZER_NUMBER_OBJECT_CONVERSION = YES_AGGRESSIVE;
				CLANG_CXX_LANGUAGE_STANDARD = "gnu++14";
				CLANG_CXX_LIBRARY = "libc++";
				CLANG_ENABLE_MODULES = YES;
				CLANG_ENABLE_OBJC_ARC = YES;
				CLANG_ENABLE_OBJC_WEAK = YES;
				CLANG_WARN_BLOCK_CAPTURE_AUTORELEASING = YES;
				CLANG_WARN_BOOL_CONVERSION = YES;
				CLANG_WARN_COMMA = YES;
				CLANG_WARN_CONSTANT_CONVERSION = YES;
				CLANG_WARN_DEPRECATED_OBJC_IMPLEMENTATIONS = YES;
				CLANG_WARN_DIRECT_OBJC_ISA_USAGE = YES_ERROR;
				CLANG_WARN_DOCUMENTATION_COMMENTS = YES;
				CLANG_WARN_EMPTY_BODY = YES;
				CLANG_WARN_ENUM_CONVERSION = YES;
				CLANG_WARN_INFINITE_RECURSION = YES;
				CLANG_WARN_INT_CONVERSION = YES;
				CLANG_WARN_NON_LITERAL_NULL_CONVERSION = YES;
				CLANG_WARN_OBJC_IMPLICIT_RETAIN_SELF = YES;
				CLANG_WARN_OBJC_LITERAL_CONVERSION = YES;
				CLANG_WARN_OBJC_ROOT_CLASS = YES_ERROR;
				CLANG_WARN_QUOTED_INCLUDE_IN_FRAMEWORK_HEADER = YES;
				CLANG_WARN_RANGE_LOOP_ANALYSIS = YES;
				CLANG_WARN_STRICT_PROTOTYPES = YES;
				CLANG_WARN_SUSPICIOUS_MOVE = YES;
				CLANG_WARN_UNGUARDED_AVAILABILITY = YES_AGGRESSIVE;
				CLANG_WARN_UNREACHABLE_CODE = YES;
				CLANG_WARN__DUPLICATE_METHOD_MATCH = YES;
				COPY_PHASE_STRIP = NO;
				DEBUG_INFORMATION_FORMAT = "dwarf-with-dsym";
				ENABLE_NS_ASSERTIONS = NO;
				ENABLE_STRICT_OBJC_MSGSEND = YES;
				GCC_C_LANGUAGE_STANDARD = gnu11;
				GCC_NO_COMMON_BLOCKS = YES;
				GCC_WARN_64_TO_32_BIT_CONVERSION = YES;
				GCC_WARN_ABOUT_RETURN_TYPE = YES_ERROR;
				GCC_WARN_UNDECLARED_SELECTOR = YES;
				GCC_WARN_UNINITIALIZED_AUTOS = YES_AGGRESSIVE;
				GCC_WARN_UNUSED_FUNCTION = YES;
				GCC_WARN_UNUSED_VARIABLE = YES;
				MTL_ENABLE_DEBUG_INFO = NO;
				MTL_FAST_MATH = YES;
				SWIFT_COMPILATION_MODE = wholemodule;
				SWIFT_OPTIMIZATION_LEVEL = "-O";
			};
			name = Release;
		};
		7A7CAE8126C41DA90021A438 /* Debug */ = {
			isa = XCBuildConfiguration;
			baseConfigurationReference = 75CB52DC5BB6CA695D273250 /* Pods-The Games (iOS).debug.xcconfig */;
			buildSettings = {
				ASSETCATALOG_COMPILER_APPICON_NAME = AppIcon;
				ASSETCATALOG_COMPILER_GLOBAL_ACCENT_COLOR_NAME = AccentColor;
				CODE_SIGN_STYLE = Automatic;
				DEVELOPMENT_TEAM = 497N7524MA;
				ENABLE_PREVIEWS = YES;
				INFOPLIST_FILE = iOS/Info.plist;
				IPHONEOS_DEPLOYMENT_TARGET = 14.0;
				LD_RUNPATH_SEARCH_PATHS = (
					"$(inherited)",
					"@executable_path/Frameworks",
				);
				PRODUCT_BUNDLE_IDENTIFIER = "com.williamsantoso.The-Games";
				PRODUCT_NAME = "The Games";
				SDKROOT = iphoneos;
				SWIFT_VERSION = 5.0;
				TARGETED_DEVICE_FAMILY = "1,2";
			};
			name = Debug;
		};
		7A7CAE8226C41DA90021A438 /* Release */ = {
			isa = XCBuildConfiguration;
			baseConfigurationReference = 051D30D4A367B2B19FFC4964 /* Pods-The Games (iOS).release.xcconfig */;
			buildSettings = {
				ASSETCATALOG_COMPILER_APPICON_NAME = AppIcon;
				ASSETCATALOG_COMPILER_GLOBAL_ACCENT_COLOR_NAME = AccentColor;
				CODE_SIGN_STYLE = Automatic;
				DEVELOPMENT_TEAM = 497N7524MA;
				ENABLE_PREVIEWS = YES;
				INFOPLIST_FILE = iOS/Info.plist;
				IPHONEOS_DEPLOYMENT_TARGET = 14.0;
				LD_RUNPATH_SEARCH_PATHS = (
					"$(inherited)",
					"@executable_path/Frameworks",
				);
				PRODUCT_BUNDLE_IDENTIFIER = "com.williamsantoso.The-Games";
				PRODUCT_NAME = "The Games";
				SDKROOT = iphoneos;
				SWIFT_VERSION = 5.0;
				TARGETED_DEVICE_FAMILY = "1,2";
				VALIDATE_PRODUCT = YES;
			};
			name = Release;
		};
		7A7CAE8426C41DA90021A438 /* Debug */ = {
			isa = XCBuildConfiguration;
			baseConfigurationReference = 0FBE718AFF4D9771F189A6F2 /* Pods-The Games (macOS).debug.xcconfig */;
			buildSettings = {
				ASSETCATALOG_COMPILER_APPICON_NAME = AppIcon;
				ASSETCATALOG_COMPILER_GLOBAL_ACCENT_COLOR_NAME = AccentColor;
				CODE_SIGN_ENTITLEMENTS = macOS/macOS.entitlements;
				CODE_SIGN_IDENTITY = "-";
				CODE_SIGN_STYLE = Automatic;
				COMBINE_HIDPI_IMAGES = YES;
				DEVELOPMENT_TEAM = 497N7524MA;
				ENABLE_HARDENED_RUNTIME = YES;
				ENABLE_PREVIEWS = YES;
				INFOPLIST_FILE = macOS/Info.plist;
				LD_RUNPATH_SEARCH_PATHS = (
					"$(inherited)",
					"@executable_path/../Frameworks",
				);
				MACOSX_DEPLOYMENT_TARGET = 11.0;
				PRODUCT_BUNDLE_IDENTIFIER = "com.williamsantoso.The-Games";
				PRODUCT_NAME = "The Games";
				SDKROOT = macosx;
				SWIFT_VERSION = 5.0;
			};
			name = Debug;
		};
		7A7CAE8526C41DA90021A438 /* Release */ = {
			isa = XCBuildConfiguration;
			baseConfigurationReference = 24E01772C0A55091EB788BAB /* Pods-The Games (macOS).release.xcconfig */;
			buildSettings = {
				ASSETCATALOG_COMPILER_APPICON_NAME = AppIcon;
				ASSETCATALOG_COMPILER_GLOBAL_ACCENT_COLOR_NAME = AccentColor;
				CODE_SIGN_ENTITLEMENTS = macOS/macOS.entitlements;
				CODE_SIGN_IDENTITY = "-";
				CODE_SIGN_STYLE = Automatic;
				COMBINE_HIDPI_IMAGES = YES;
				DEVELOPMENT_TEAM = 497N7524MA;
				ENABLE_HARDENED_RUNTIME = YES;
				ENABLE_PREVIEWS = YES;
				INFOPLIST_FILE = macOS/Info.plist;
				LD_RUNPATH_SEARCH_PATHS = (
					"$(inherited)",
					"@executable_path/../Frameworks",
				);
				MACOSX_DEPLOYMENT_TARGET = 11.0;
				PRODUCT_BUNDLE_IDENTIFIER = "com.williamsantoso.The-Games";
				PRODUCT_NAME = "The Games";
				SDKROOT = macosx;
				SWIFT_VERSION = 5.0;
			};
			name = Release;
		};
		7A7CAE8726C41DA90021A438 /* Debug */ = {
			isa = XCBuildConfiguration;
			buildSettings = {
				ALWAYS_EMBED_SWIFT_STANDARD_LIBRARIES = YES;
				CODE_SIGN_STYLE = Automatic;
				DEVELOPMENT_TEAM = 497N7524MA;
				INFOPLIST_FILE = "Tests iOS/Info.plist";
				IPHONEOS_DEPLOYMENT_TARGET = 14.5;
				LD_RUNPATH_SEARCH_PATHS = (
					"$(inherited)",
					"@executable_path/Frameworks",
					"@loader_path/Frameworks",
				);
				PRODUCT_BUNDLE_IDENTIFIER = "com.williamsantoso.Tests-iOS";
				PRODUCT_NAME = "$(TARGET_NAME)";
				SDKROOT = iphoneos;
				SWIFT_VERSION = 5.0;
				TARGETED_DEVICE_FAMILY = "1,2";
				TEST_TARGET_NAME = "The Games (iOS)";
			};
			name = Debug;
		};
		7A7CAE8826C41DA90021A438 /* Release */ = {
			isa = XCBuildConfiguration;
			buildSettings = {
				ALWAYS_EMBED_SWIFT_STANDARD_LIBRARIES = YES;
				CODE_SIGN_STYLE = Automatic;
				DEVELOPMENT_TEAM = 497N7524MA;
				INFOPLIST_FILE = "Tests iOS/Info.plist";
				IPHONEOS_DEPLOYMENT_TARGET = 14.5;
				LD_RUNPATH_SEARCH_PATHS = (
					"$(inherited)",
					"@executable_path/Frameworks",
					"@loader_path/Frameworks",
				);
				PRODUCT_BUNDLE_IDENTIFIER = "com.williamsantoso.Tests-iOS";
				PRODUCT_NAME = "$(TARGET_NAME)";
				SDKROOT = iphoneos;
				SWIFT_VERSION = 5.0;
				TARGETED_DEVICE_FAMILY = "1,2";
				TEST_TARGET_NAME = "The Games (iOS)";
				VALIDATE_PRODUCT = YES;
			};
			name = Release;
		};
		7A7CAE8A26C41DA90021A438 /* Debug */ = {
			isa = XCBuildConfiguration;
			buildSettings = {
				ALWAYS_EMBED_SWIFT_STANDARD_LIBRARIES = YES;
				CODE_SIGN_STYLE = Automatic;
				COMBINE_HIDPI_IMAGES = YES;
				DEVELOPMENT_TEAM = 497N7524MA;
				INFOPLIST_FILE = "Tests macOS/Info.plist";
				LD_RUNPATH_SEARCH_PATHS = (
					"$(inherited)",
					"@executable_path/../Frameworks",
					"@loader_path/../Frameworks",
				);
				MACOSX_DEPLOYMENT_TARGET = 11.3;
				PRODUCT_BUNDLE_IDENTIFIER = "com.williamsantoso.Tests-macOS";
				PRODUCT_NAME = "$(TARGET_NAME)";
				SDKROOT = macosx;
				SWIFT_VERSION = 5.0;
				TEST_TARGET_NAME = "The Games (macOS)";
			};
			name = Debug;
		};
		7A7CAE8B26C41DA90021A438 /* Release */ = {
			isa = XCBuildConfiguration;
			buildSettings = {
				ALWAYS_EMBED_SWIFT_STANDARD_LIBRARIES = YES;
				CODE_SIGN_STYLE = Automatic;
				COMBINE_HIDPI_IMAGES = YES;
				DEVELOPMENT_TEAM = 497N7524MA;
				INFOPLIST_FILE = "Tests macOS/Info.plist";
				LD_RUNPATH_SEARCH_PATHS = (
					"$(inherited)",
					"@executable_path/../Frameworks",
					"@loader_path/../Frameworks",
				);
				MACOSX_DEPLOYMENT_TARGET = 11.3;
				PRODUCT_BUNDLE_IDENTIFIER = "com.williamsantoso.Tests-macOS";
				PRODUCT_NAME = "$(TARGET_NAME)";
				SDKROOT = macosx;
				SWIFT_VERSION = 5.0;
				TEST_TARGET_NAME = "The Games (macOS)";
			};
			name = Release;
		};
/* End XCBuildConfiguration section */

/* Begin XCConfigurationList section */
		7A7CAE4D26C41DA70021A438 /* Build configuration list for PBXProject "The Games" */ = {
			isa = XCConfigurationList;
			buildConfigurations = (
				7A7CAE7E26C41DA90021A438 /* Debug */,
				7A7CAE7F26C41DA90021A438 /* Release */,
			);
			defaultConfigurationIsVisible = 0;
			defaultConfigurationName = Release;
		};
		7A7CAE8026C41DA90021A438 /* Build configuration list for PBXNativeTarget "The Games (iOS)" */ = {
			isa = XCConfigurationList;
			buildConfigurations = (
				7A7CAE8126C41DA90021A438 /* Debug */,
				7A7CAE8226C41DA90021A438 /* Release */,
			);
			defaultConfigurationIsVisible = 0;
			defaultConfigurationName = Release;
		};
		7A7CAE8326C41DA90021A438 /* Build configuration list for PBXNativeTarget "The Games (macOS)" */ = {
			isa = XCConfigurationList;
			buildConfigurations = (
				7A7CAE8426C41DA90021A438 /* Debug */,
				7A7CAE8526C41DA90021A438 /* Release */,
			);
			defaultConfigurationIsVisible = 0;
			defaultConfigurationName = Release;
		};
		7A7CAE8626C41DA90021A438 /* Build configuration list for PBXNativeTarget "Tests iOS" */ = {
			isa = XCConfigurationList;
			buildConfigurations = (
				7A7CAE8726C41DA90021A438 /* Debug */,
				7A7CAE8826C41DA90021A438 /* Release */,
			);
			defaultConfigurationIsVisible = 0;
			defaultConfigurationName = Release;
		};
		7A7CAE8926C41DA90021A438 /* Build configuration list for PBXNativeTarget "Tests macOS" */ = {
			isa = XCConfigurationList;
			buildConfigurations = (
				7A7CAE8A26C41DA90021A438 /* Debug */,
				7A7CAE8B26C41DA90021A438 /* Release */,
			);
			defaultConfigurationIsVisible = 0;
			defaultConfigurationName = Release;
		};
/* End XCConfigurationList section */

/* Begin XCRemoteSwiftPackageReference section */
		7A7EFB5326C81423008F581C /* XCRemoteSwiftPackageReference "SwiftUIX" */ = {
			isa = XCRemoteSwiftPackageReference;
			repositoryURL = "https://github.com/SwiftUIX/SwiftUIX";
			requirement = {
				branch = master;
				kind = branch;
			};
		};
/* End XCRemoteSwiftPackageReference section */

/* Begin XCSwiftPackageProductDependency section */
		7A7EFB5426C81423008F581C /* SwiftUIX */ = {
			isa = XCSwiftPackageProductDependency;
			package = 7A7EFB5326C81423008F581C /* XCRemoteSwiftPackageReference "SwiftUIX" */;
			productName = SwiftUIX;
		};
/* End XCSwiftPackageProductDependency section */

/* Begin XCVersionGroup section */
		7A0E7E6B26D258EB0025241E /* TheGamesModel.xcdatamodeld */ = {
			isa = XCVersionGroup;
			children = (
				7A0E7E6C26D258EB0025241E /* TheGamesModel.xcdatamodel */,
			);
			currentVersion = 7A0E7E6C26D258EB0025241E /* TheGamesModel.xcdatamodel */;
			path = TheGamesModel.xcdatamodeld;
			sourceTree = "<group>";
			versionGroupType = wrapper.xcdatamodel;
		};
/* End XCVersionGroup section */
	};
	rootObject = 7A7CAE4A26C41DA70021A438 /* Project object */;
}
